// !$*UTF8*$!
{
	archiveVersion = 1;
	classes = {
	};
	objectVersion = 51;
	objects = {

/* Begin PBXBuildFile section */
		113D453E24718035003DDFF3 /* WheatherWireframe.swift in Sources */ = {isa = PBXBuildFile; fileRef = 113D453D24718035003DDFF3 /* WheatherWireframe.swift */; };
		113D454024718091003DDFF3 /* WheatherViewInput.swift in Sources */ = {isa = PBXBuildFile; fileRef = 113D453F24718091003DDFF3 /* WheatherViewInput.swift */; };
		113D4543247180A3003DDFF3 /* WheatherViewOutput.swift in Sources */ = {isa = PBXBuildFile; fileRef = 113D4542247180A3003DDFF3 /* WheatherViewOutput.swift */; };
		113D4545247180B6003DDFF3 /* WheatherAssembly.swift in Sources */ = {isa = PBXBuildFile; fileRef = 113D4544247180B6003DDFF3 /* WheatherAssembly.swift */; };
		113D45482471813E003DDFF3 /* WheatherPresenter.swift in Sources */ = {isa = PBXBuildFile; fileRef = 113D45472471813E003DDFF3 /* WheatherPresenter.swift */; };
		113D454A247181E2003DDFF3 /* WheatherRouter.swift in Sources */ = {isa = PBXBuildFile; fileRef = 113D4549247181E2003DDFF3 /* WheatherRouter.swift */; };
		113D454C247181F6003DDFF3 /* WheatherRouterProtocol.swift in Sources */ = {isa = PBXBuildFile; fileRef = 113D454B247181F6003DDFF3 /* WheatherRouterProtocol.swift */; };
		114106FB23CC8C2A0061FB6F /* GeneralBarAssembly.swift in Sources */ = {isa = PBXBuildFile; fileRef = 114106FA23CC8C2A0061FB6F /* GeneralBarAssembly.swift */; };
		114106FF23CC8E5F0061FB6F /* GeneralBarPresenter.swift in Sources */ = {isa = PBXBuildFile; fileRef = 114106FE23CC8E5F0061FB6F /* GeneralBarPresenter.swift */; };
		1141070123CC8E720061FB6F /* GeneralBarViewOutput.swift in Sources */ = {isa = PBXBuildFile; fileRef = 1141070023CC8E720061FB6F /* GeneralBarViewOutput.swift */; };
		1141070423CC981B0061FB6F /* GeneralBarWireframe.swift in Sources */ = {isa = PBXBuildFile; fileRef = 1141070323CC981B0061FB6F /* GeneralBarWireframe.swift */; };
		1141070623CC999A0061FB6F /* ApplicationAssembler.swift in Sources */ = {isa = PBXBuildFile; fileRef = 1141070523CC999A0061FB6F /* ApplicationAssembler.swift */; };
		1149A61E2368426200E20581 /* SettingsViewController.swift in Sources */ = {isa = PBXBuildFile; fileRef = 1149A61D2368426200E20581 /* SettingsViewController.swift */; };
		1149A6232368446F00E20581 /* SettingsTableViewCell.swift in Sources */ = {isa = PBXBuildFile; fileRef = 1149A6212368446E00E20581 /* SettingsTableViewCell.swift */; };
		1149A6242368446F00E20581 /* SettingsTableViewCell.xib in Resources */ = {isa = PBXBuildFile; fileRef = 1149A6222368446F00E20581 /* SettingsTableViewCell.xib */; };
		1149A62623684B4C00E20581 /* SettingsTableCellObject.swift in Sources */ = {isa = PBXBuildFile; fileRef = 1149A62523684B4C00E20581 /* SettingsTableCellObject.swift */; };
		1149A62B236851C000E20581 /* EnterCityViewController.swift in Sources */ = {isa = PBXBuildFile; fileRef = 1149A62A236851BF00E20581 /* EnterCityViewController.swift */; };
		1149A62D236851D100E20581 /* EnterCity.storyboard in Resources */ = {isa = PBXBuildFile; fileRef = 1149A62C236851D100E20581 /* EnterCity.storyboard */; };
		1149A631236852F300E20581 /* SettingsRouter.swift in Sources */ = {isa = PBXBuildFile; fileRef = 1149A630236852F300E20581 /* SettingsRouter.swift */; };
		1149A6332368530300E20581 /* SettingsRouterProtocol.swift in Sources */ = {isa = PBXBuildFile; fileRef = 1149A6322368530300E20581 /* SettingsRouterProtocol.swift */; };
		1149A6362368548000E20581 /* SettingsAssembly.swift in Sources */ = {isa = PBXBuildFile; fileRef = 1149A6352368548000E20581 /* SettingsAssembly.swift */; };
		118A03F224718D34006AE33E /* MainWheatherCell.swift in Sources */ = {isa = PBXBuildFile; fileRef = 118A03F024718D34006AE33E /* MainWheatherCell.swift */; };
		118A03F324718D34006AE33E /* MainWheatherCell.xib in Resources */ = {isa = PBXBuildFile; fileRef = 118A03F124718D34006AE33E /* MainWheatherCell.xib */; };
		118A03F524718D4A006AE33E /* MainWheatherCellObject.swift in Sources */ = {isa = PBXBuildFile; fileRef = 118A03F424718D4A006AE33E /* MainWheatherCellObject.swift */; };
		118A03FA24719023006AE33E /* MainWheatherForecastCell.swift in Sources */ = {isa = PBXBuildFile; fileRef = 118A03F824719023006AE33E /* MainWheatherForecastCell.swift */; };
		118A03FB24719023006AE33E /* MainWheatherForecastCell.xib in Resources */ = {isa = PBXBuildFile; fileRef = 118A03F924719023006AE33E /* MainWheatherForecastCell.xib */; };
		118A03FD24719044006AE33E /* MainWheatherForecastCellObject.swift in Sources */ = {isa = PBXBuildFile; fileRef = 118A03FC24719044006AE33E /* MainWheatherForecastCellObject.swift */; };
		1193A7F623682A80002D1CF2 /* AppDelegate.swift in Sources */ = {isa = PBXBuildFile; fileRef = 1193A7F523682A80002D1CF2 /* AppDelegate.swift */; };
		1193A7F823682A80002D1CF2 /* SceneDelegate.swift in Sources */ = {isa = PBXBuildFile; fileRef = 1193A7F723682A80002D1CF2 /* SceneDelegate.swift */; };
		1193A7FA23682A80002D1CF2 /* WheatherViewController.swift in Sources */ = {isa = PBXBuildFile; fileRef = 1193A7F923682A80002D1CF2 /* WheatherViewController.swift */; };
		1193A7FD23682A80002D1CF2 /* Main.storyboard in Resources */ = {isa = PBXBuildFile; fileRef = 1193A7FB23682A80002D1CF2 /* Main.storyboard */; };
		1193A7FF23682A85002D1CF2 /* Assets.xcassets in Resources */ = {isa = PBXBuildFile; fileRef = 1193A7FE23682A85002D1CF2 /* Assets.xcassets */; };
		1193A80223682A85002D1CF2 /* LaunchScreen.storyboard in Resources */ = {isa = PBXBuildFile; fileRef = 1193A80023682A85002D1CF2 /* LaunchScreen.storyboard */; };
		1193A80D23682A85002D1CF2 /* WheatherTests.swift in Sources */ = {isa = PBXBuildFile; fileRef = 1193A80C23682A85002D1CF2 /* WheatherTests.swift */; };
		1193A81823682A85002D1CF2 /* WheatherUITests.swift in Sources */ = {isa = PBXBuildFile; fileRef = 1193A81723682A85002D1CF2 /* WheatherUITests.swift */; };
		11D47C5F2496714900C63CC1 /* WeekTemperatureCell.swift in Sources */ = {isa = PBXBuildFile; fileRef = 11D47C5D2496714900C63CC1 /* WeekTemperatureCell.swift */; };
		11D47C602496714900C63CC1 /* WeekTemperatureCell.xib in Resources */ = {isa = PBXBuildFile; fileRef = 11D47C5E2496714900C63CC1 /* WeekTemperatureCell.xib */; };
		11D47C62249672A800C63CC1 /* WeekTemperatureCellObject.swift in Sources */ = {isa = PBXBuildFile; fileRef = 11D47C61249672A800C63CC1 /* WeekTemperatureCellObject.swift */; };
		11DE118C23AE1DE2003C218E /* SettingsWireframe.swift in Sources */ = {isa = PBXBuildFile; fileRef = 11DE118B23AE1DE2003C218E /* SettingsWireframe.swift */; };
		11DE118F23AE208B003C218E /* CoordinatorProtocol.swift in Sources */ = {isa = PBXBuildFile; fileRef = 11DE118E23AE208B003C218E /* CoordinatorProtocol.swift */; };
		11DE119123AE20C3003C218E /* AppCoordinator.swift in Sources */ = {isa = PBXBuildFile; fileRef = 11DE119023AE20C3003C218E /* AppCoordinator.swift */; };
		11DE119423AE2238003C218E /* GeneralBarViewController.swift in Sources */ = {isa = PBXBuildFile; fileRef = 11DE119323AE2238003C218E /* GeneralBarViewController.swift */; };
		11DE119723AE2530003C218E /* GeneralBarViewInput.swift in Sources */ = {isa = PBXBuildFile; fileRef = 11DE119623AE2530003C218E /* GeneralBarViewInput.swift */; };
		218771F76FE730256E4126E8 /* Pods_WheatherTests.framework in Frameworks */ = {isa = PBXBuildFile; fileRef = 2D3D0055B5C9F5B54BEC85D6 /* Pods_WheatherTests.framework */; };
		289EE9C10D05029425CB95CD /* Pods_Wheather.framework in Frameworks */ = {isa = PBXBuildFile; fileRef = 4774FAA6641EB3DDA277960E /* Pods_Wheather.framework */; };
		77CA8422D5F4F5F1C2AA0824 /* Pods_Wheather_WheatherUITests.framework in Frameworks */ = {isa = PBXBuildFile; fileRef = 11EA4E149C8B991BBE67E2DA /* Pods_Wheather_WheatherUITests.framework */; };
		84524BBF237C57CA00E592D4 /* SettingsPresenter.swift in Sources */ = {isa = PBXBuildFile; fileRef = 84524BBE237C57CA00E592D4 /* SettingsPresenter.swift */; };
		84524BC1237C57E100E592D4 /* SettingsViewOutput.swift in Sources */ = {isa = PBXBuildFile; fileRef = 84524BC0237C57E100E592D4 /* SettingsViewOutput.swift */; };
		84524BC3237C5E8700E592D4 /* SettingsViewInput.swift in Sources */ = {isa = PBXBuildFile; fileRef = 84524BC2237C5E8700E592D4 /* SettingsViewInput.swift */; };
/* End PBXBuildFile section */

/* Begin PBXContainerItemProxy section */
		1193A80923682A85002D1CF2 /* PBXContainerItemProxy */ = {
			isa = PBXContainerItemProxy;
			containerPortal = 1193A7EA23682A80002D1CF2 /* Project object */;
			proxyType = 1;
			remoteGlobalIDString = 1193A7F123682A80002D1CF2;
			remoteInfo = Wheather;
		};
		1193A81423682A85002D1CF2 /* PBXContainerItemProxy */ = {
			isa = PBXContainerItemProxy;
			containerPortal = 1193A7EA23682A80002D1CF2 /* Project object */;
			proxyType = 1;
			remoteGlobalIDString = 1193A7F123682A80002D1CF2;
			remoteInfo = Wheather;
		};
/* End PBXContainerItemProxy section */

/* Begin PBXFileReference section */
		113D453D24718035003DDFF3 /* WheatherWireframe.swift */ = {isa = PBXFileReference; lastKnownFileType = sourcecode.swift; path = WheatherWireframe.swift; sourceTree = "<group>"; };
		113D453F24718091003DDFF3 /* WheatherViewInput.swift */ = {isa = PBXFileReference; lastKnownFileType = sourcecode.swift; path = WheatherViewInput.swift; sourceTree = "<group>"; };
		113D4542247180A3003DDFF3 /* WheatherViewOutput.swift */ = {isa = PBXFileReference; lastKnownFileType = sourcecode.swift; path = WheatherViewOutput.swift; sourceTree = "<group>"; };
		113D4544247180B6003DDFF3 /* WheatherAssembly.swift */ = {isa = PBXFileReference; lastKnownFileType = sourcecode.swift; path = WheatherAssembly.swift; sourceTree = "<group>"; };
		113D45472471813E003DDFF3 /* WheatherPresenter.swift */ = {isa = PBXFileReference; lastKnownFileType = sourcecode.swift; path = WheatherPresenter.swift; sourceTree = "<group>"; };
		113D4549247181E2003DDFF3 /* WheatherRouter.swift */ = {isa = PBXFileReference; lastKnownFileType = sourcecode.swift; path = WheatherRouter.swift; sourceTree = "<group>"; };
		113D454B247181F6003DDFF3 /* WheatherRouterProtocol.swift */ = {isa = PBXFileReference; lastKnownFileType = sourcecode.swift; path = WheatherRouterProtocol.swift; sourceTree = "<group>"; };
		114106FA23CC8C2A0061FB6F /* GeneralBarAssembly.swift */ = {isa = PBXFileReference; lastKnownFileType = sourcecode.swift; path = GeneralBarAssembly.swift; sourceTree = "<group>"; };
		114106FE23CC8E5F0061FB6F /* GeneralBarPresenter.swift */ = {isa = PBXFileReference; lastKnownFileType = sourcecode.swift; path = GeneralBarPresenter.swift; sourceTree = "<group>"; };
		1141070023CC8E720061FB6F /* GeneralBarViewOutput.swift */ = {isa = PBXFileReference; lastKnownFileType = sourcecode.swift; path = GeneralBarViewOutput.swift; sourceTree = "<group>"; };
		1141070323CC981B0061FB6F /* GeneralBarWireframe.swift */ = {isa = PBXFileReference; lastKnownFileType = sourcecode.swift; path = GeneralBarWireframe.swift; sourceTree = "<group>"; };
		1141070523CC999A0061FB6F /* ApplicationAssembler.swift */ = {isa = PBXFileReference; lastKnownFileType = sourcecode.swift; path = ApplicationAssembler.swift; sourceTree = "<group>"; };
		1149A61D2368426200E20581 /* SettingsViewController.swift */ = {isa = PBXFileReference; lastKnownFileType = sourcecode.swift; path = SettingsViewController.swift; sourceTree = "<group>"; };
		1149A6212368446E00E20581 /* SettingsTableViewCell.swift */ = {isa = PBXFileReference; lastKnownFileType = sourcecode.swift; path = SettingsTableViewCell.swift; sourceTree = "<group>"; };
		1149A6222368446F00E20581 /* SettingsTableViewCell.xib */ = {isa = PBXFileReference; lastKnownFileType = file.xib; path = SettingsTableViewCell.xib; sourceTree = "<group>"; };
		1149A62523684B4C00E20581 /* SettingsTableCellObject.swift */ = {isa = PBXFileReference; lastKnownFileType = sourcecode.swift; path = SettingsTableCellObject.swift; sourceTree = "<group>"; };
		1149A62A236851BF00E20581 /* EnterCityViewController.swift */ = {isa = PBXFileReference; lastKnownFileType = sourcecode.swift; path = EnterCityViewController.swift; sourceTree = "<group>"; };
		1149A62C236851D100E20581 /* EnterCity.storyboard */ = {isa = PBXFileReference; lastKnownFileType = file.storyboard; path = EnterCity.storyboard; sourceTree = "<group>"; };
		1149A630236852F300E20581 /* SettingsRouter.swift */ = {isa = PBXFileReference; lastKnownFileType = sourcecode.swift; path = SettingsRouter.swift; sourceTree = "<group>"; };
		1149A6322368530300E20581 /* SettingsRouterProtocol.swift */ = {isa = PBXFileReference; lastKnownFileType = sourcecode.swift; path = SettingsRouterProtocol.swift; sourceTree = "<group>"; };
		1149A6352368548000E20581 /* SettingsAssembly.swift */ = {isa = PBXFileReference; lastKnownFileType = sourcecode.swift; path = SettingsAssembly.swift; sourceTree = "<group>"; };
		118A03F024718D34006AE33E /* MainWheatherCell.swift */ = {isa = PBXFileReference; lastKnownFileType = sourcecode.swift; path = MainWheatherCell.swift; sourceTree = "<group>"; };
		118A03F124718D34006AE33E /* MainWheatherCell.xib */ = {isa = PBXFileReference; lastKnownFileType = file.xib; path = MainWheatherCell.xib; sourceTree = "<group>"; };
		118A03F424718D4A006AE33E /* MainWheatherCellObject.swift */ = {isa = PBXFileReference; lastKnownFileType = sourcecode.swift; path = MainWheatherCellObject.swift; sourceTree = "<group>"; };
		118A03F824719023006AE33E /* MainWheatherForecastCell.swift */ = {isa = PBXFileReference; lastKnownFileType = sourcecode.swift; path = MainWheatherForecastCell.swift; sourceTree = "<group>"; };
		118A03F924719023006AE33E /* MainWheatherForecastCell.xib */ = {isa = PBXFileReference; lastKnownFileType = file.xib; path = MainWheatherForecastCell.xib; sourceTree = "<group>"; };
		118A03FC24719044006AE33E /* MainWheatherForecastCellObject.swift */ = {isa = PBXFileReference; lastKnownFileType = sourcecode.swift; path = MainWheatherForecastCellObject.swift; sourceTree = "<group>"; };
		1193A7F223682A80002D1CF2 /* Wheather.app */ = {isa = PBXFileReference; explicitFileType = wrapper.application; includeInIndex = 0; path = Wheather.app; sourceTree = BUILT_PRODUCTS_DIR; };
		1193A7F523682A80002D1CF2 /* AppDelegate.swift */ = {isa = PBXFileReference; lastKnownFileType = sourcecode.swift; path = AppDelegate.swift; sourceTree = "<group>"; };
		1193A7F723682A80002D1CF2 /* SceneDelegate.swift */ = {isa = PBXFileReference; lastKnownFileType = sourcecode.swift; path = SceneDelegate.swift; sourceTree = "<group>"; };
		1193A7F923682A80002D1CF2 /* WheatherViewController.swift */ = {isa = PBXFileReference; lastKnownFileType = sourcecode.swift; path = WheatherViewController.swift; sourceTree = "<group>"; };
		1193A7FC23682A80002D1CF2 /* Base */ = {isa = PBXFileReference; lastKnownFileType = file.storyboard; name = Base; path = Base.lproj/Main.storyboard; sourceTree = "<group>"; };
		1193A7FE23682A85002D1CF2 /* Assets.xcassets */ = {isa = PBXFileReference; lastKnownFileType = folder.assetcatalog; path = Assets.xcassets; sourceTree = "<group>"; };
		1193A80123682A85002D1CF2 /* Base */ = {isa = PBXFileReference; lastKnownFileType = file.storyboard; name = Base; path = Base.lproj/LaunchScreen.storyboard; sourceTree = "<group>"; };
		1193A80323682A85002D1CF2 /* Info.plist */ = {isa = PBXFileReference; lastKnownFileType = text.plist.xml; path = Info.plist; sourceTree = "<group>"; };
		1193A80823682A85002D1CF2 /* WheatherTests.xctest */ = {isa = PBXFileReference; explicitFileType = wrapper.cfbundle; includeInIndex = 0; path = WheatherTests.xctest; sourceTree = BUILT_PRODUCTS_DIR; };
		1193A80C23682A85002D1CF2 /* WheatherTests.swift */ = {isa = PBXFileReference; lastKnownFileType = sourcecode.swift; path = WheatherTests.swift; sourceTree = "<group>"; };
		1193A80E23682A85002D1CF2 /* Info.plist */ = {isa = PBXFileReference; lastKnownFileType = text.plist.xml; path = Info.plist; sourceTree = "<group>"; };
		1193A81323682A85002D1CF2 /* WheatherUITests.xctest */ = {isa = PBXFileReference; explicitFileType = wrapper.cfbundle; includeInIndex = 0; path = WheatherUITests.xctest; sourceTree = BUILT_PRODUCTS_DIR; };
		1193A81723682A85002D1CF2 /* WheatherUITests.swift */ = {isa = PBXFileReference; lastKnownFileType = sourcecode.swift; path = WheatherUITests.swift; sourceTree = "<group>"; };
		1193A81923682A85002D1CF2 /* Info.plist */ = {isa = PBXFileReference; lastKnownFileType = text.plist.xml; path = Info.plist; sourceTree = "<group>"; };
		11D47C5D2496714900C63CC1 /* WeekTemperatureCell.swift */ = {isa = PBXFileReference; lastKnownFileType = sourcecode.swift; path = WeekTemperatureCell.swift; sourceTree = "<group>"; };
		11D47C5E2496714900C63CC1 /* WeekTemperatureCell.xib */ = {isa = PBXFileReference; lastKnownFileType = file.xib; path = WeekTemperatureCell.xib; sourceTree = "<group>"; };
		11D47C61249672A800C63CC1 /* WeekTemperatureCellObject.swift */ = {isa = PBXFileReference; lastKnownFileType = sourcecode.swift; path = WeekTemperatureCellObject.swift; sourceTree = "<group>"; };
		11DE118B23AE1DE2003C218E /* SettingsWireframe.swift */ = {isa = PBXFileReference; lastKnownFileType = sourcecode.swift; path = SettingsWireframe.swift; sourceTree = "<group>"; };
		11DE118E23AE208B003C218E /* CoordinatorProtocol.swift */ = {isa = PBXFileReference; lastKnownFileType = sourcecode.swift; path = CoordinatorProtocol.swift; sourceTree = "<group>"; };
		11DE119023AE20C3003C218E /* AppCoordinator.swift */ = {isa = PBXFileReference; lastKnownFileType = sourcecode.swift; path = AppCoordinator.swift; sourceTree = "<group>"; };
		11DE119323AE2238003C218E /* GeneralBarViewController.swift */ = {isa = PBXFileReference; lastKnownFileType = sourcecode.swift; path = GeneralBarViewController.swift; sourceTree = "<group>"; };
		11DE119623AE2530003C218E /* GeneralBarViewInput.swift */ = {isa = PBXFileReference; lastKnownFileType = sourcecode.swift; path = GeneralBarViewInput.swift; sourceTree = "<group>"; };
		11EA4E149C8B991BBE67E2DA /* Pods_Wheather_WheatherUITests.framework */ = {isa = PBXFileReference; explicitFileType = wrapper.framework; includeInIndex = 0; path = Pods_Wheather_WheatherUITests.framework; sourceTree = BUILT_PRODUCTS_DIR; };
		1D91240DDB311C4E16CB76AB /* Pods-WheatherTests.debug.xcconfig */ = {isa = PBXFileReference; includeInIndex = 1; lastKnownFileType = text.xcconfig; name = "Pods-WheatherTests.debug.xcconfig"; path = "Target Support Files/Pods-WheatherTests/Pods-WheatherTests.debug.xcconfig"; sourceTree = "<group>"; };
		291E318976D8594900118175 /* Pods-Wheather.debug.xcconfig */ = {isa = PBXFileReference; includeInIndex = 1; lastKnownFileType = text.xcconfig; name = "Pods-Wheather.debug.xcconfig"; path = "Target Support Files/Pods-Wheather/Pods-Wheather.debug.xcconfig"; sourceTree = "<group>"; };
		2D3D0055B5C9F5B54BEC85D6 /* Pods_WheatherTests.framework */ = {isa = PBXFileReference; explicitFileType = wrapper.framework; includeInIndex = 0; path = Pods_WheatherTests.framework; sourceTree = BUILT_PRODUCTS_DIR; };
		4774FAA6641EB3DDA277960E /* Pods_Wheather.framework */ = {isa = PBXFileReference; explicitFileType = wrapper.framework; includeInIndex = 0; path = Pods_Wheather.framework; sourceTree = BUILT_PRODUCTS_DIR; };
		84524BBE237C57CA00E592D4 /* SettingsPresenter.swift */ = {isa = PBXFileReference; lastKnownFileType = sourcecode.swift; path = SettingsPresenter.swift; sourceTree = "<group>"; };
		84524BC0237C57E100E592D4 /* SettingsViewOutput.swift */ = {isa = PBXFileReference; lastKnownFileType = sourcecode.swift; path = SettingsViewOutput.swift; sourceTree = "<group>"; };
		84524BC2237C5E8700E592D4 /* SettingsViewInput.swift */ = {isa = PBXFileReference; lastKnownFileType = sourcecode.swift; path = SettingsViewInput.swift; sourceTree = "<group>"; };
		C355BE62E12128AE3836034C /* Pods-Wheather.release.xcconfig */ = {isa = PBXFileReference; includeInIndex = 1; lastKnownFileType = text.xcconfig; name = "Pods-Wheather.release.xcconfig"; path = "Target Support Files/Pods-Wheather/Pods-Wheather.release.xcconfig"; sourceTree = "<group>"; };
		D0A08401F27657A6C372096F /* Pods-WheatherTests.release.xcconfig */ = {isa = PBXFileReference; includeInIndex = 1; lastKnownFileType = text.xcconfig; name = "Pods-WheatherTests.release.xcconfig"; path = "Target Support Files/Pods-WheatherTests/Pods-WheatherTests.release.xcconfig"; sourceTree = "<group>"; };
		E7CE8A931D3B33CB800A2AB2 /* Pods-Wheather-WheatherUITests.debug.xcconfig */ = {isa = PBXFileReference; includeInIndex = 1; lastKnownFileType = text.xcconfig; name = "Pods-Wheather-WheatherUITests.debug.xcconfig"; path = "Target Support Files/Pods-Wheather-WheatherUITests/Pods-Wheather-WheatherUITests.debug.xcconfig"; sourceTree = "<group>"; };
		E98B721318A2AB9D75F46715 /* Pods-Wheather-WheatherUITests.release.xcconfig */ = {isa = PBXFileReference; includeInIndex = 1; lastKnownFileType = text.xcconfig; name = "Pods-Wheather-WheatherUITests.release.xcconfig"; path = "Target Support Files/Pods-Wheather-WheatherUITests/Pods-Wheather-WheatherUITests.release.xcconfig"; sourceTree = "<group>"; };
/* End PBXFileReference section */

/* Begin PBXFrameworksBuildPhase section */
		1193A7EF23682A80002D1CF2 /* Frameworks */ = {
			isa = PBXFrameworksBuildPhase;
			buildActionMask = 2147483647;
			files = (
				289EE9C10D05029425CB95CD /* Pods_Wheather.framework in Frameworks */,
			);
			runOnlyForDeploymentPostprocessing = 0;
		};
		1193A80523682A85002D1CF2 /* Frameworks */ = {
			isa = PBXFrameworksBuildPhase;
			buildActionMask = 2147483647;
			files = (
				218771F76FE730256E4126E8 /* Pods_WheatherTests.framework in Frameworks */,
			);
			runOnlyForDeploymentPostprocessing = 0;
		};
		1193A81023682A85002D1CF2 /* Frameworks */ = {
			isa = PBXFrameworksBuildPhase;
			buildActionMask = 2147483647;
			files = (
				77CA8422D5F4F5F1C2AA0824 /* Pods_Wheather_WheatherUITests.framework in Frameworks */,
			);
			runOnlyForDeploymentPostprocessing = 0;
		};
/* End PBXFrameworksBuildPhase section */

/* Begin PBXGroup section */
		113D453624717BDC003DDFF3 /* AppCoordinator */ = {
			isa = PBXGroup;
			children = (
				11DE119023AE20C3003C218E /* AppCoordinator.swift */,
			);
			path = AppCoordinator;
			sourceTree = "<group>";
		};
		113D453724717FDF003DDFF3 /* View */ = {
			isa = PBXGroup;
			children = (
				118A03EF24718C34006AE33E /* Cells */,
				1193A7F923682A80002D1CF2 /* WheatherViewController.swift */,
				113D453F24718091003DDFF3 /* WheatherViewInput.swift */,
			);
			path = View;
			sourceTree = "<group>";
		};
		113D453824717FE6003DDFF3 /* Presenter */ = {
			isa = PBXGroup;
			children = (
				113D4542247180A3003DDFF3 /* WheatherViewOutput.swift */,
				113D45472471813E003DDFF3 /* WheatherPresenter.swift */,
			);
			path = Presenter;
			sourceTree = "<group>";
		};
		113D453924717FEE003DDFF3 /* Router */ = {
			isa = PBXGroup;
			children = (
				113D4549247181E2003DDFF3 /* WheatherRouter.swift */,
				113D454B247181F6003DDFF3 /* WheatherRouterProtocol.swift */,
			);
			path = Router;
			sourceTree = "<group>";
		};
		113D453B2471800A003DDFF3 /* Assembly */ = {
			isa = PBXGroup;
			children = (
				113D4544247180B6003DDFF3 /* WheatherAssembly.swift */,
			);
			path = Assembly;
			sourceTree = "<group>";
		};
		113D453C24718010003DDFF3 /* Wireframe */ = {
			isa = PBXGroup;
			children = (
				113D453D24718035003DDFF3 /* WheatherWireframe.swift */,
			);
			path = Wireframe;
			sourceTree = "<group>";
		};
		114106F623CC8AD20061FB6F /* Presenter */ = {
			isa = PBXGroup;
			children = (
				114106FE23CC8E5F0061FB6F /* GeneralBarPresenter.swift */,
				1141070023CC8E720061FB6F /* GeneralBarViewOutput.swift */,
			);
			path = Presenter;
			sourceTree = "<group>";
		};
		114106F823CC8AE30061FB6F /* Wireframe */ = {
			isa = PBXGroup;
			children = (
				1141070323CC981B0061FB6F /* GeneralBarWireframe.swift */,
			);
			path = Wireframe;
			sourceTree = "<group>";
		};
		114106F923CC8BEA0061FB6F /* Assembly */ = {
			isa = PBXGroup;
			children = (
				114106FA23CC8C2A0061FB6F /* GeneralBarAssembly.swift */,
			);
			path = Assembly;
			sourceTree = "<group>";
		};
		114106FC23CC8D8F0061FB6F /* ApplicationAssembler */ = {
			isa = PBXGroup;
			children = (
				1141070523CC999A0061FB6F /* ApplicationAssembler.swift */,
			);
			path = ApplicationAssembler;
			sourceTree = "<group>";
		};
		114106FD23CC8DAA0061FB6F /* SupportingFiles */ = {
			isa = PBXGroup;
			children = (
				1193A80023682A85002D1CF2 /* LaunchScreen.storyboard */,
				1193A80323682A85002D1CF2 /* Info.plist */,
				1193A7FE23682A85002D1CF2 /* Assets.xcassets */,
			);
			path = SupportingFiles;
			sourceTree = "<group>";
		};
		1141070223CC97A50061FB6F /* Core */ = {
			isa = PBXGroup;
			children = (
				114106FC23CC8D8F0061FB6F /* ApplicationAssembler */,
				1149A61B236830A500E20581 /* Application */,
			);
			path = Core;
			sourceTree = "<group>";
		};
		1149A6192368309900E20581 /* Modules */ = {
			isa = PBXGroup;
			children = (
				1149A6272368518D00E20581 /* EnterCity */,
				1149A61F236842F500E20581 /* Main */,
				1193A7FB23682A80002D1CF2 /* Main.storyboard */,
			);
			path = Modules;
			sourceTree = "<group>";
		};
		1149A61B236830A500E20581 /* Application */ = {
			isa = PBXGroup;
			children = (
				1193A7F523682A80002D1CF2 /* AppDelegate.swift */,
				1193A7F723682A80002D1CF2 /* SceneDelegate.swift */,
			);
			path = Application;
			sourceTree = "<group>";
		};
		1149A61C2368423900E20581 /* Settings */ = {
			isa = PBXGroup;
			children = (
				1149A6342368546C00E20581 /* Assembly */,
				84524BBD237C550700E592D4 /* Presenter */,
				1149A62F236852C100E20581 /* Router */,
				1149A62E236852BC00E20581 /* View */,
				11DE118A23ADEC68003C218E /* Wireframe */,
			);
			path = Settings;
			sourceTree = "<group>";
		};
		1149A61F236842F500E20581 /* Main */ = {
			isa = PBXGroup;
			children = (
				11DE118D23AE2054003C218E /* GeneralBar */,
				1149A61C2368423900E20581 /* Settings */,
				11DE118823ADEBD4003C218E /* Wheather */,
			);
			path = Main;
			sourceTree = "<group>";
		};
		1149A6202368445500E20581 /* Cell */ = {
			isa = PBXGroup;
			children = (
				1149A6212368446E00E20581 /* SettingsTableViewCell.swift */,
				1149A6222368446F00E20581 /* SettingsTableViewCell.xib */,
				1149A62523684B4C00E20581 /* SettingsTableCellObject.swift */,
			);
			path = Cell;
			sourceTree = "<group>";
		};
		1149A6272368518D00E20581 /* EnterCity */ = {
			isa = PBXGroup;
			children = (
				1149A62A236851BF00E20581 /* EnterCityViewController.swift */,
				1149A62C236851D100E20581 /* EnterCity.storyboard */,
			);
			path = EnterCity;
			sourceTree = "<group>";
		};
		1149A62E236852BC00E20581 /* View */ = {
			isa = PBXGroup;
			children = (
				1149A6202368445500E20581 /* Cell */,
				1149A61D2368426200E20581 /* SettingsViewController.swift */,
				84524BC2237C5E8700E592D4 /* SettingsViewInput.swift */,
			);
			path = View;
			sourceTree = "<group>";
		};
		1149A62F236852C100E20581 /* Router */ = {
			isa = PBXGroup;
			children = (
				1149A630236852F300E20581 /* SettingsRouter.swift */,
				1149A6322368530300E20581 /* SettingsRouterProtocol.swift */,
			);
			path = Router;
			sourceTree = "<group>";
		};
		1149A6342368546C00E20581 /* Assembly */ = {
			isa = PBXGroup;
			children = (
				1149A6352368548000E20581 /* SettingsAssembly.swift */,
			);
			path = Assembly;
			sourceTree = "<group>";
		};
		118A03EF24718C34006AE33E /* Cells */ = {
			isa = PBXGroup;
			children = (
				118A03F624718F95006AE33E /* MainWheatherCell */,
				118A03F724718FF2006AE33E /* MainWheatherForecastCell */,
			);
			path = Cells;
			sourceTree = "<group>";
		};
		118A03F624718F95006AE33E /* MainWheatherCell */ = {
			isa = PBXGroup;
			children = (
				118A03F124718D34006AE33E /* MainWheatherCell.xib */,
				118A03F424718D4A006AE33E /* MainWheatherCellObject.swift */,
				118A03F024718D34006AE33E /* MainWheatherCell.swift */,
			);
			path = MainWheatherCell;
			sourceTree = "<group>";
		};
		118A03F724718FF2006AE33E /* MainWheatherForecastCell */ = {
			isa = PBXGroup;
			children = (
				11D47C5C249670C200C63CC1 /* WeekTemperatureCell */,
				118A03F824719023006AE33E /* MainWheatherForecastCell.swift */,
				118A03F924719023006AE33E /* MainWheatherForecastCell.xib */,
				118A03FC24719044006AE33E /* MainWheatherForecastCellObject.swift */,
			);
			path = MainWheatherForecastCell;
			sourceTree = "<group>";
		};
		1193A7E923682A80002D1CF2 = {
			isa = PBXGroup;
			children = (
				1193A7F423682A80002D1CF2 /* Wheather */,
				1193A80B23682A85002D1CF2 /* WheatherTests */,
				1193A81623682A85002D1CF2 /* WheatherUITests */,
				1193A7F323682A80002D1CF2 /* Products */,
				68B58992F321C4884B3DC111 /* Pods */,
				2D254EBAC907F855402EFDEB /* Frameworks */,
			);
			sourceTree = "<group>";
		};
		1193A7F323682A80002D1CF2 /* Products */ = {
			isa = PBXGroup;
			children = (
				1193A7F223682A80002D1CF2 /* Wheather.app */,
				1193A80823682A85002D1CF2 /* WheatherTests.xctest */,
				1193A81323682A85002D1CF2 /* WheatherUITests.xctest */,
			);
			name = Products;
			sourceTree = "<group>";
		};
		1193A7F423682A80002D1CF2 /* Wheather */ = {
			isa = PBXGroup;
			children = (
				1141070223CC97A50061FB6F /* Core */,
				11DE118923ADEC2B003C218E /* Coordinators */,
				1149A6192368309900E20581 /* Modules */,
				114106FD23CC8DAA0061FB6F /* SupportingFiles */,
			);
			path = Wheather;
			sourceTree = "<group>";
		};
		1193A80B23682A85002D1CF2 /* WheatherTests */ = {
			isa = PBXGroup;
			children = (
				1193A80C23682A85002D1CF2 /* WheatherTests.swift */,
				1193A80E23682A85002D1CF2 /* Info.plist */,
			);
			path = WheatherTests;
			sourceTree = "<group>";
		};
		1193A81623682A85002D1CF2 /* WheatherUITests */ = {
			isa = PBXGroup;
			children = (
				1193A81723682A85002D1CF2 /* WheatherUITests.swift */,
				1193A81923682A85002D1CF2 /* Info.plist */,
			);
			path = WheatherUITests;
			sourceTree = "<group>";
		};
		11D47C5C249670C200C63CC1 /* WeekTemperatureCell */ = {
			isa = PBXGroup;
			children = (
				11D47C5D2496714900C63CC1 /* WeekTemperatureCell.swift */,
				11D47C5E2496714900C63CC1 /* WeekTemperatureCell.xib */,
				11D47C61249672A800C63CC1 /* WeekTemperatureCellObject.swift */,
			);
			path = WeekTemperatureCell;
			sourceTree = "<group>";
		};
		11DE118823ADEBD4003C218E /* Wheather */ = {
			isa = PBXGroup;
			children = (
				113D453B2471800A003DDFF3 /* Assembly */,
				113D453824717FE6003DDFF3 /* Presenter */,
				113D453924717FEE003DDFF3 /* Router */,
				113D453724717FDF003DDFF3 /* View */,
				113D453C24718010003DDFF3 /* Wireframe */,
			);
			path = Wheather;
			sourceTree = "<group>";
		};
		11DE118923ADEC2B003C218E /* Coordinators */ = {
			isa = PBXGroup;
			children = (
				113D453624717BDC003DDFF3 /* AppCoordinator */,
				11DE118E23AE208B003C218E /* CoordinatorProtocol.swift */,
			);
			path = Coordinators;
			sourceTree = "<group>";
		};
		11DE118A23ADEC68003C218E /* Wireframe */ = {
			isa = PBXGroup;
			children = (
				11DE118B23AE1DE2003C218E /* SettingsWireframe.swift */,
			);
			path = Wireframe;
			sourceTree = "<group>";
		};
		11DE118D23AE2054003C218E /* GeneralBar */ = {
			isa = PBXGroup;
			children = (
				114106F923CC8BEA0061FB6F /* Assembly */,
				114106F623CC8AD20061FB6F /* Presenter */,
				11DE119523AE250B003C218E /* View */,
				114106F823CC8AE30061FB6F /* Wireframe */,
			);
			path = GeneralBar;
			sourceTree = "<group>";
		};
		11DE119523AE250B003C218E /* View */ = {
			isa = PBXGroup;
			children = (
				11DE119323AE2238003C218E /* GeneralBarViewController.swift */,
				11DE119623AE2530003C218E /* GeneralBarViewInput.swift */,
			);
			path = View;
			sourceTree = "<group>";
		};
		2D254EBAC907F855402EFDEB /* Frameworks */ = {
			isa = PBXGroup;
			children = (
				4774FAA6641EB3DDA277960E /* Pods_Wheather.framework */,
				11EA4E149C8B991BBE67E2DA /* Pods_Wheather_WheatherUITests.framework */,
				2D3D0055B5C9F5B54BEC85D6 /* Pods_WheatherTests.framework */,
			);
			name = Frameworks;
			sourceTree = "<group>";
		};
		68B58992F321C4884B3DC111 /* Pods */ = {
			isa = PBXGroup;
			children = (
				291E318976D8594900118175 /* Pods-Wheather.debug.xcconfig */,
				C355BE62E12128AE3836034C /* Pods-Wheather.release.xcconfig */,
				E7CE8A931D3B33CB800A2AB2 /* Pods-Wheather-WheatherUITests.debug.xcconfig */,
				E98B721318A2AB9D75F46715 /* Pods-Wheather-WheatherUITests.release.xcconfig */,
				1D91240DDB311C4E16CB76AB /* Pods-WheatherTests.debug.xcconfig */,
				D0A08401F27657A6C372096F /* Pods-WheatherTests.release.xcconfig */,
			);
			path = Pods;
			sourceTree = "<group>";
		};
		84524BBD237C550700E592D4 /* Presenter */ = {
			isa = PBXGroup;
			children = (
				84524BBE237C57CA00E592D4 /* SettingsPresenter.swift */,
				84524BC0237C57E100E592D4 /* SettingsViewOutput.swift */,
			);
			path = Presenter;
			sourceTree = "<group>";
		};
/* End PBXGroup section */

/* Begin PBXNativeTarget section */
		1193A7F123682A80002D1CF2 /* Wheather */ = {
			isa = PBXNativeTarget;
			buildConfigurationList = 1193A81C23682A85002D1CF2 /* Build configuration list for PBXNativeTarget "Wheather" */;
			buildPhases = (
				160DE1DEBE3BE6D2E643D880 /* [CP] Check Pods Manifest.lock */,
				1193A7EE23682A80002D1CF2 /* Sources */,
				1193A7EF23682A80002D1CF2 /* Frameworks */,
				1193A7F023682A80002D1CF2 /* Resources */,
				68878D3BB933ED4A443CADA8 /* [CP] Embed Pods Frameworks */,
			);
			buildRules = (
			);
			dependencies = (
			);
			name = Wheather;
			productName = Wheather;
			productReference = 1193A7F223682A80002D1CF2 /* Wheather.app */;
			productType = "com.apple.product-type.application";
		};
		1193A80723682A85002D1CF2 /* WheatherTests */ = {
			isa = PBXNativeTarget;
			buildConfigurationList = 1193A81F23682A85002D1CF2 /* Build configuration list for PBXNativeTarget "WheatherTests" */;
			buildPhases = (
				931B99E17B7136CF6296001D /* [CP] Check Pods Manifest.lock */,
				1193A80423682A85002D1CF2 /* Sources */,
				1193A80523682A85002D1CF2 /* Frameworks */,
				1193A80623682A85002D1CF2 /* Resources */,
			);
			buildRules = (
			);
			dependencies = (
				1193A80A23682A85002D1CF2 /* PBXTargetDependency */,
			);
			name = WheatherTests;
			productName = WheatherTests;
			productReference = 1193A80823682A85002D1CF2 /* WheatherTests.xctest */;
			productType = "com.apple.product-type.bundle.unit-test";
		};
		1193A81223682A85002D1CF2 /* WheatherUITests */ = {
			isa = PBXNativeTarget;
			buildConfigurationList = 1193A82223682A85002D1CF2 /* Build configuration list for PBXNativeTarget "WheatherUITests" */;
			buildPhases = (
				6AE59FB4C37122D811054027 /* [CP] Check Pods Manifest.lock */,
				1193A80F23682A85002D1CF2 /* Sources */,
				1193A81023682A85002D1CF2 /* Frameworks */,
				1193A81123682A85002D1CF2 /* Resources */,
				E0A305C6E9524B8F7DF5BE6F /* [CP] Embed Pods Frameworks */,
			);
			buildRules = (
			);
			dependencies = (
				1193A81523682A85002D1CF2 /* PBXTargetDependency */,
			);
			name = WheatherUITests;
			productName = WheatherUITests;
			productReference = 1193A81323682A85002D1CF2 /* WheatherUITests.xctest */;
			productType = "com.apple.product-type.bundle.ui-testing";
		};
/* End PBXNativeTarget section */

/* Begin PBXProject section */
		1193A7EA23682A80002D1CF2 /* Project object */ = {
			isa = PBXProject;
			attributes = {
				LastSwiftUpdateCheck = 1110;
				LastUpgradeCheck = 1220;
				ORGANIZATIONNAME = "Александр Тонхоноев";
				TargetAttributes = {
					1193A7F123682A80002D1CF2 = {
						CreatedOnToolsVersion = 11.1;
					};
					1193A80723682A85002D1CF2 = {
						CreatedOnToolsVersion = 11.1;
						TestTargetID = 1193A7F123682A80002D1CF2;
					};
					1193A81223682A85002D1CF2 = {
						CreatedOnToolsVersion = 11.1;
						TestTargetID = 1193A7F123682A80002D1CF2;
					};
				};
			};
			buildConfigurationList = 1193A7ED23682A80002D1CF2 /* Build configuration list for PBXProject "Wheather" */;
			compatibilityVersion = "Xcode 9.3";
			developmentRegion = en;
			hasScannedForEncodings = 0;
			knownRegions = (
				en,
				Base,
			);
			mainGroup = 1193A7E923682A80002D1CF2;
			productRefGroup = 1193A7F323682A80002D1CF2 /* Products */;
			projectDirPath = "";
			projectRoot = "";
			targets = (
				1193A7F123682A80002D1CF2 /* Wheather */,
				1193A80723682A85002D1CF2 /* WheatherTests */,
				1193A81223682A85002D1CF2 /* WheatherUITests */,
			);
		};
/* End PBXProject section */

/* Begin PBXResourcesBuildPhase section */
		1193A7F023682A80002D1CF2 /* Resources */ = {
			isa = PBXResourcesBuildPhase;
			buildActionMask = 2147483647;
			files = (
				1193A80223682A85002D1CF2 /* LaunchScreen.storyboard in Resources */,
				118A03FB24719023006AE33E /* MainWheatherForecastCell.xib in Resources */,
				11D47C602496714900C63CC1 /* WeekTemperatureCell.xib in Resources */,
				1193A7FF23682A85002D1CF2 /* Assets.xcassets in Resources */,
				1149A6242368446F00E20581 /* SettingsTableViewCell.xib in Resources */,
				1193A7FD23682A80002D1CF2 /* Main.storyboard in Resources */,
				1149A62D236851D100E20581 /* EnterCity.storyboard in Resources */,
				118A03F324718D34006AE33E /* MainWheatherCell.xib in Resources */,
			);
			runOnlyForDeploymentPostprocessing = 0;
		};
		1193A80623682A85002D1CF2 /* Resources */ = {
			isa = PBXResourcesBuildPhase;
			buildActionMask = 2147483647;
			files = (
			);
			runOnlyForDeploymentPostprocessing = 0;
		};
		1193A81123682A85002D1CF2 /* Resources */ = {
			isa = PBXResourcesBuildPhase;
			buildActionMask = 2147483647;
			files = (
			);
			runOnlyForDeploymentPostprocessing = 0;
		};
/* End PBXResourcesBuildPhase section */

/* Begin PBXShellScriptBuildPhase section */
		160DE1DEBE3BE6D2E643D880 /* [CP] Check Pods Manifest.lock */ = {
			isa = PBXShellScriptBuildPhase;
			buildActionMask = 2147483647;
			files = (
			);
			inputFileListPaths = (
			);
			inputPaths = (
				"${PODS_PODFILE_DIR_PATH}/Podfile.lock",
				"${PODS_ROOT}/Manifest.lock",
			);
			name = "[CP] Check Pods Manifest.lock";
			outputFileListPaths = (
			);
			outputPaths = (
				"$(DERIVED_FILE_DIR)/Pods-Wheather-checkManifestLockResult.txt",
			);
			runOnlyForDeploymentPostprocessing = 0;
			shellPath = /bin/sh;
			shellScript = "diff \"${PODS_PODFILE_DIR_PATH}/Podfile.lock\" \"${PODS_ROOT}/Manifest.lock\" > /dev/null\nif [ $? != 0 ] ; then\n    # print error to STDERR\n    echo \"error: The sandbox is not in sync with the Podfile.lock. Run 'pod install' or update your CocoaPods installation.\" >&2\n    exit 1\nfi\n# This output is used by Xcode 'outputs' to avoid re-running this script phase.\necho \"SUCCESS\" > \"${SCRIPT_OUTPUT_FILE_0}\"\n";
			showEnvVarsInLog = 0;
		};
		68878D3BB933ED4A443CADA8 /* [CP] Embed Pods Frameworks */ = {
			isa = PBXShellScriptBuildPhase;
			buildActionMask = 2147483647;
			files = (
			);
			inputFileListPaths = (
				"${PODS_ROOT}/Target Support Files/Pods-Wheather/Pods-Wheather-frameworks-${CONFIGURATION}-input-files.xcfilelist",
			);
			name = "[CP] Embed Pods Frameworks";
			outputFileListPaths = (
				"${PODS_ROOT}/Target Support Files/Pods-Wheather/Pods-Wheather-frameworks-${CONFIGURATION}-output-files.xcfilelist",
			);
			runOnlyForDeploymentPostprocessing = 0;
			shellPath = /bin/sh;
			shellScript = "\"${PODS_ROOT}/Target Support Files/Pods-Wheather/Pods-Wheather-frameworks.sh\"\n";
			showEnvVarsInLog = 0;
		};
		6AE59FB4C37122D811054027 /* [CP] Check Pods Manifest.lock */ = {
			isa = PBXShellScriptBuildPhase;
			buildActionMask = 2147483647;
			files = (
			);
			inputFileListPaths = (
			);
			inputPaths = (
				"${PODS_PODFILE_DIR_PATH}/Podfile.lock",
				"${PODS_ROOT}/Manifest.lock",
			);
			name = "[CP] Check Pods Manifest.lock";
			outputFileListPaths = (
			);
			outputPaths = (
				"$(DERIVED_FILE_DIR)/Pods-Wheather-WheatherUITests-checkManifestLockResult.txt",
			);
			runOnlyForDeploymentPostprocessing = 0;
			shellPath = /bin/sh;
			shellScript = "diff \"${PODS_PODFILE_DIR_PATH}/Podfile.lock\" \"${PODS_ROOT}/Manifest.lock\" > /dev/null\nif [ $? != 0 ] ; then\n    # print error to STDERR\n    echo \"error: The sandbox is not in sync with the Podfile.lock. Run 'pod install' or update your CocoaPods installation.\" >&2\n    exit 1\nfi\n# This output is used by Xcode 'outputs' to avoid re-running this script phase.\necho \"SUCCESS\" > \"${SCRIPT_OUTPUT_FILE_0}\"\n";
			showEnvVarsInLog = 0;
		};
		931B99E17B7136CF6296001D /* [CP] Check Pods Manifest.lock */ = {
			isa = PBXShellScriptBuildPhase;
			buildActionMask = 2147483647;
			files = (
			);
			inputFileListPaths = (
			);
			inputPaths = (
				"${PODS_PODFILE_DIR_PATH}/Podfile.lock",
				"${PODS_ROOT}/Manifest.lock",
			);
			name = "[CP] Check Pods Manifest.lock";
			outputFileListPaths = (
			);
			outputPaths = (
				"$(DERIVED_FILE_DIR)/Pods-WheatherTests-checkManifestLockResult.txt",
			);
			runOnlyForDeploymentPostprocessing = 0;
			shellPath = /bin/sh;
			shellScript = "diff \"${PODS_PODFILE_DIR_PATH}/Podfile.lock\" \"${PODS_ROOT}/Manifest.lock\" > /dev/null\nif [ $? != 0 ] ; then\n    # print error to STDERR\n    echo \"error: The sandbox is not in sync with the Podfile.lock. Run 'pod install' or update your CocoaPods installation.\" >&2\n    exit 1\nfi\n# This output is used by Xcode 'outputs' to avoid re-running this script phase.\necho \"SUCCESS\" > \"${SCRIPT_OUTPUT_FILE_0}\"\n";
			showEnvVarsInLog = 0;
		};
		E0A305C6E9524B8F7DF5BE6F /* [CP] Embed Pods Frameworks */ = {
			isa = PBXShellScriptBuildPhase;
			buildActionMask = 2147483647;
			files = (
			);
			inputFileListPaths = (
				"${PODS_ROOT}/Target Support Files/Pods-Wheather-WheatherUITests/Pods-Wheather-WheatherUITests-frameworks-${CONFIGURATION}-input-files.xcfilelist",
			);
			name = "[CP] Embed Pods Frameworks";
			outputFileListPaths = (
				"${PODS_ROOT}/Target Support Files/Pods-Wheather-WheatherUITests/Pods-Wheather-WheatherUITests-frameworks-${CONFIGURATION}-output-files.xcfilelist",
			);
			runOnlyForDeploymentPostprocessing = 0;
			shellPath = /bin/sh;
			shellScript = "\"${PODS_ROOT}/Target Support Files/Pods-Wheather-WheatherUITests/Pods-Wheather-WheatherUITests-frameworks.sh\"\n";
			showEnvVarsInLog = 0;
		};
/* End PBXShellScriptBuildPhase section */

/* Begin PBXSourcesBuildPhase section */
		1193A7EE23682A80002D1CF2 /* Sources */ = {
			isa = PBXSourcesBuildPhase;
			buildActionMask = 2147483647;
			files = (
				84524BC1237C57E100E592D4 /* SettingsViewOutput.swift in Sources */,
				1149A62B236851C000E20581 /* EnterCityViewController.swift in Sources */,
				113D454024718091003DDFF3 /* WheatherViewInput.swift in Sources */,
				11DE118F23AE208B003C218E /* CoordinatorProtocol.swift in Sources */,
				1141070123CC8E720061FB6F /* GeneralBarViewOutput.swift in Sources */,
				1149A631236852F300E20581 /* SettingsRouter.swift in Sources */,
				11DE119723AE2530003C218E /* GeneralBarViewInput.swift in Sources */,
				11DE119423AE2238003C218E /* GeneralBarViewController.swift in Sources */,
				11DE119123AE20C3003C218E /* AppCoordinator.swift in Sources */,
				113D4543247180A3003DDFF3 /* WheatherViewOutput.swift in Sources */,
				113D4545247180B6003DDFF3 /* WheatherAssembly.swift in Sources */,
				118A03F524718D4A006AE33E /* MainWheatherCellObject.swift in Sources */,
				1149A6362368548000E20581 /* SettingsAssembly.swift in Sources */,
				1193A7FA23682A80002D1CF2 /* WheatherViewController.swift in Sources */,
				1193A7F623682A80002D1CF2 /* AppDelegate.swift in Sources */,
				11D47C62249672A800C63CC1 /* WeekTemperatureCellObject.swift in Sources */,
				1149A6332368530300E20581 /* SettingsRouterProtocol.swift in Sources */,
				1149A62623684B4C00E20581 /* SettingsTableCellObject.swift in Sources */,
				113D454C247181F6003DDFF3 /* WheatherRouterProtocol.swift in Sources */,
				118A03F224718D34006AE33E /* MainWheatherCell.swift in Sources */,
				1141070623CC999A0061FB6F /* ApplicationAssembler.swift in Sources */,
				114106FB23CC8C2A0061FB6F /* GeneralBarAssembly.swift in Sources */,
				11D47C5F2496714900C63CC1 /* WeekTemperatureCell.swift in Sources */,
				84524BC3237C5E8700E592D4 /* SettingsViewInput.swift in Sources */,
				11DE118C23AE1DE2003C218E /* SettingsWireframe.swift in Sources */,
				84524BBF237C57CA00E592D4 /* SettingsPresenter.swift in Sources */,
				1193A7F823682A80002D1CF2 /* SceneDelegate.swift in Sources */,
				113D45482471813E003DDFF3 /* WheatherPresenter.swift in Sources */,
				1149A6232368446F00E20581 /* SettingsTableViewCell.swift in Sources */,
				113D453E24718035003DDFF3 /* WheatherWireframe.swift in Sources */,
				118A03FD24719044006AE33E /* MainWheatherForecastCellObject.swift in Sources */,
				1149A61E2368426200E20581 /* SettingsViewController.swift in Sources */,
				118A03FA24719023006AE33E /* MainWheatherForecastCell.swift in Sources */,
				114106FF23CC8E5F0061FB6F /* GeneralBarPresenter.swift in Sources */,
				1141070423CC981B0061FB6F /* GeneralBarWireframe.swift in Sources */,
				113D454A247181E2003DDFF3 /* WheatherRouter.swift in Sources */,
			);
			runOnlyForDeploymentPostprocessing = 0;
		};
		1193A80423682A85002D1CF2 /* Sources */ = {
			isa = PBXSourcesBuildPhase;
			buildActionMask = 2147483647;
			files = (
				1193A80D23682A85002D1CF2 /* WheatherTests.swift in Sources */,
			);
			runOnlyForDeploymentPostprocessing = 0;
		};
		1193A80F23682A85002D1CF2 /* Sources */ = {
			isa = PBXSourcesBuildPhase;
			buildActionMask = 2147483647;
			files = (
				1193A81823682A85002D1CF2 /* WheatherUITests.swift in Sources */,
			);
			runOnlyForDeploymentPostprocessing = 0;
		};
/* End PBXSourcesBuildPhase section */

/* Begin PBXTargetDependency section */
		1193A80A23682A85002D1CF2 /* PBXTargetDependency */ = {
			isa = PBXTargetDependency;
			target = 1193A7F123682A80002D1CF2 /* Wheather */;
			targetProxy = 1193A80923682A85002D1CF2 /* PBXContainerItemProxy */;
		};
		1193A81523682A85002D1CF2 /* PBXTargetDependency */ = {
			isa = PBXTargetDependency;
			target = 1193A7F123682A80002D1CF2 /* Wheather */;
			targetProxy = 1193A81423682A85002D1CF2 /* PBXContainerItemProxy */;
		};
/* End PBXTargetDependency section */

/* Begin PBXVariantGroup section */
		1193A7FB23682A80002D1CF2 /* Main.storyboard */ = {
			isa = PBXVariantGroup;
			children = (
				1193A7FC23682A80002D1CF2 /* Base */,
			);
			name = Main.storyboard;
			sourceTree = "<group>";
		};
		1193A80023682A85002D1CF2 /* LaunchScreen.storyboard */ = {
			isa = PBXVariantGroup;
			children = (
				1193A80123682A85002D1CF2 /* Base */,
			);
			name = LaunchScreen.storyboard;
			sourceTree = "<group>";
		};
/* End PBXVariantGroup section */

/* Begin XCBuildConfiguration section */
		1193A81A23682A85002D1CF2 /* Debug */ = {
			isa = XCBuildConfiguration;
			buildSettings = {
				ALWAYS_SEARCH_USER_PATHS = NO;
				CLANG_ANALYZER_NONNULL = YES;
				CLANG_ANALYZER_NUMBER_OBJECT_CONVERSION = YES_AGGRESSIVE;
				CLANG_CXX_LANGUAGE_STANDARD = "gnu++14";
				CLANG_CXX_LIBRARY = "libc++";
				CLANG_ENABLE_MODULES = YES;
				CLANG_ENABLE_OBJC_ARC = YES;
				CLANG_ENABLE_OBJC_WEAK = YES;
				CLANG_WARN_BLOCK_CAPTURE_AUTORELEASING = YES;
				CLANG_WARN_BOOL_CONVERSION = YES;
				CLANG_WARN_COMMA = YES;
				CLANG_WARN_CONSTANT_CONVERSION = YES;
				CLANG_WARN_DEPRECATED_OBJC_IMPLEMENTATIONS = YES;
				CLANG_WARN_DIRECT_OBJC_ISA_USAGE = YES_ERROR;
				CLANG_WARN_DOCUMENTATION_COMMENTS = YES;
				CLANG_WARN_EMPTY_BODY = YES;
				CLANG_WARN_ENUM_CONVERSION = YES;
				CLANG_WARN_INFINITE_RECURSION = YES;
				CLANG_WARN_INT_CONVERSION = YES;
				CLANG_WARN_NON_LITERAL_NULL_CONVERSION = YES;
				CLANG_WARN_OBJC_IMPLICIT_RETAIN_SELF = YES;
				CLANG_WARN_OBJC_LITERAL_CONVERSION = YES;
				CLANG_WARN_OBJC_ROOT_CLASS = YES_ERROR;
				CLANG_WARN_QUOTED_INCLUDE_IN_FRAMEWORK_HEADER = YES;
				CLANG_WARN_RANGE_LOOP_ANALYSIS = YES;
				CLANG_WARN_STRICT_PROTOTYPES = YES;
				CLANG_WARN_SUSPICIOUS_MOVE = YES;
				CLANG_WARN_UNGUARDED_AVAILABILITY = YES_AGGRESSIVE;
				CLANG_WARN_UNREACHABLE_CODE = YES;
				CLANG_WARN__DUPLICATE_METHOD_MATCH = YES;
				COPY_PHASE_STRIP = NO;
				DEBUG_INFORMATION_FORMAT = dwarf;
				ENABLE_STRICT_OBJC_MSGSEND = YES;
				ENABLE_TESTABILITY = YES;
				GCC_C_LANGUAGE_STANDARD = gnu11;
				GCC_DYNAMIC_NO_PIC = NO;
				GCC_NO_COMMON_BLOCKS = YES;
				GCC_OPTIMIZATION_LEVEL = 0;
				GCC_PREPROCESSOR_DEFINITIONS = (
					"DEBUG=1",
					"$(inherited)",
				);
				GCC_WARN_64_TO_32_BIT_CONVERSION = YES;
				GCC_WARN_ABOUT_RETURN_TYPE = YES_ERROR;
				GCC_WARN_UNDECLARED_SELECTOR = YES;
				GCC_WARN_UNINITIALIZED_AUTOS = YES_AGGRESSIVE;
				GCC_WARN_UNUSED_FUNCTION = YES;
				GCC_WARN_UNUSED_VARIABLE = YES;
				IPHONEOS_DEPLOYMENT_TARGET = 13.0;
				MTL_ENABLE_DEBUG_INFO = INCLUDE_SOURCE;
				MTL_FAST_MATH = YES;
				ONLY_ACTIVE_ARCH = YES;
				SDKROOT = iphoneos;
				SWIFT_ACTIVE_COMPILATION_CONDITIONS = DEBUG;
				SWIFT_OPTIMIZATION_LEVEL = "-Onone";
			};
			name = Debug;
		};
		1193A81B23682A85002D1CF2 /* Release */ = {
			isa = XCBuildConfiguration;
			buildSettings = {
				ALWAYS_SEARCH_USER_PATHS = NO;
				CLANG_ANALYZER_NONNULL = YES;
				CLANG_ANALYZER_NUMBER_OBJECT_CONVERSION = YES_AGGRESSIVE;
				CLANG_CXX_LANGUAGE_STANDARD = "gnu++14";
				CLANG_CXX_LIBRARY = "libc++";
				CLANG_ENABLE_MODULES = YES;
				CLANG_ENABLE_OBJC_ARC = YES;
				CLANG_ENABLE_OBJC_WEAK = YES;
				CLANG_WARN_BLOCK_CAPTURE_AUTORELEASING = YES;
				CLANG_WARN_BOOL_CONVERSION = YES;
				CLANG_WARN_COMMA = YES;
				CLANG_WARN_CONSTANT_CONVERSION = YES;
				CLANG_WARN_DEPRECATED_OBJC_IMPLEMENTATIONS = YES;
				CLANG_WARN_DIRECT_OBJC_ISA_USAGE = YES_ERROR;
				CLANG_WARN_DOCUMENTATION_COMMENTS = YES;
				CLANG_WARN_EMPTY_BODY = YES;
				CLANG_WARN_ENUM_CONVERSION = YES;
				CLANG_WARN_INFINITE_RECURSION = YES;
				CLANG_WARN_INT_CONVERSION = YES;
				CLANG_WARN_NON_LITERAL_NULL_CONVERSION = YES;
				CLANG_WARN_OBJC_IMPLICIT_RETAIN_SELF = YES;
				CLANG_WARN_OBJC_LITERAL_CONVERSION = YES;
				CLANG_WARN_OBJC_ROOT_CLASS = YES_ERROR;
				CLANG_WARN_QUOTED_INCLUDE_IN_FRAMEWORK_HEADER = YES;
				CLANG_WARN_RANGE_LOOP_ANALYSIS = YES;
				CLANG_WARN_STRICT_PROTOTYPES = YES;
				CLANG_WARN_SUSPICIOUS_MOVE = YES;
				CLANG_WARN_UNGUARDED_AVAILABILITY = YES_AGGRESSIVE;
				CLANG_WARN_UNREACHABLE_CODE = YES;
				CLANG_WARN__DUPLICATE_METHOD_MATCH = YES;
				COPY_PHASE_STRIP = NO;
				DEBUG_INFORMATION_FORMAT = "dwarf-with-dsym";
				ENABLE_NS_ASSERTIONS = NO;
				ENABLE_STRICT_OBJC_MSGSEND = YES;
				GCC_C_LANGUAGE_STANDARD = gnu11;
				GCC_NO_COMMON_BLOCKS = YES;
				GCC_WARN_64_TO_32_BIT_CONVERSION = YES;
				GCC_WARN_ABOUT_RETURN_TYPE = YES_ERROR;
				GCC_WARN_UNDECLARED_SELECTOR = YES;
				GCC_WARN_UNINITIALIZED_AUTOS = YES_AGGRESSIVE;
				GCC_WARN_UNUSED_FUNCTION = YES;
				GCC_WARN_UNUSED_VARIABLE = YES;
				IPHONEOS_DEPLOYMENT_TARGET = 13.0;
				MTL_ENABLE_DEBUG_INFO = NO;
				MTL_FAST_MATH = YES;
				SDKROOT = iphoneos;
				SWIFT_COMPILATION_MODE = wholemodule;
				SWIFT_OPTIMIZATION_LEVEL = "-O";
				VALIDATE_PRODUCT = YES;
			};
			name = Release;
		};
		1193A81D23682A85002D1CF2 /* Debug */ = {
			isa = XCBuildConfiguration;
			baseConfigurationReference = 291E318976D8594900118175 /* Pods-Wheather.debug.xcconfig */;
			buildSettings = {
				ASSETCATALOG_COMPILER_APPICON_NAME = AppIcon;
				CODE_SIGN_STYLE = Automatic;
				DEVELOPMENT_TEAM = SZ46K2Z6E6;
				INFOPLIST_FILE = Wheather/SupportingFiles/Info.plist;
				IPHONEOS_DEPLOYMENT_TARGET = 13.0;
				LD_RUNPATH_SEARCH_PATHS = (
					"$(inherited)",
					"@executable_path/Frameworks",
				);
				PRODUCT_BUNDLE_IDENTIFIER = com.amashtay.Wheather;
				PRODUCT_NAME = "$(TARGET_NAME)";
				SWIFT_VERSION = 5.0;
				TARGETED_DEVICE_FAMILY = "1,2";
			};
			name = Debug;
		};
		1193A81E23682A85002D1CF2 /* Release */ = {
			isa = XCBuildConfiguration;
			baseConfigurationReference = C355BE62E12128AE3836034C /* Pods-Wheather.release.xcconfig */;
			buildSettings = {
				ASSETCATALOG_COMPILER_APPICON_NAME = AppIcon;
				CODE_SIGN_STYLE = Automatic;
				DEVELOPMENT_TEAM = SZ46K2Z6E6;
				INFOPLIST_FILE = Wheather/SupportingFiles/Info.plist;
				IPHONEOS_DEPLOYMENT_TARGET = 13.0;
				LD_RUNPATH_SEARCH_PATHS = (
					"$(inherited)",
					"@executable_path/Frameworks",
				);
				PRODUCT_BUNDLE_IDENTIFIER = com.amashtay.Wheather;
				PRODUCT_NAME = "$(TARGET_NAME)";
				SWIFT_VERSION = 5.0;
				TARGETED_DEVICE_FAMILY = "1,2";
			};
			name = Release;
		};
		1193A82023682A85002D1CF2 /* Debug */ = {
			isa = XCBuildConfiguration;
			baseConfigurationReference = 1D91240DDB311C4E16CB76AB /* Pods-WheatherTests.debug.xcconfig */;
			buildSettings = {
				ALWAYS_EMBED_SWIFT_STANDARD_LIBRARIES = YES;
				BUNDLE_LOADER = "$(TEST_HOST)";
				CODE_SIGN_STYLE = Automatic;
				DEVELOPMENT_TEAM = SZ46K2Z6E6;
				INFOPLIST_FILE = WheatherTests/Info.plist;
				IPHONEOS_DEPLOYMENT_TARGET = 13.1;
				LD_RUNPATH_SEARCH_PATHS = (
					"$(inherited)",
					"@executable_path/Frameworks",
					"@loader_path/Frameworks",
				);
				PRODUCT_BUNDLE_IDENTIFIER = com.amashtay.WheatherTests;
				PRODUCT_NAME = "$(TARGET_NAME)";
				SWIFT_VERSION = 5.0;
				TARGETED_DEVICE_FAMILY = "1,2";
				TEST_HOST = "$(BUILT_PRODUCTS_DIR)/Wheather.app/Wheather";
			};
			name = Debug;
		};
		1193A82123682A85002D1CF2 /* Release */ = {
			isa = XCBuildConfiguration;
			baseConfigurationReference = D0A08401F27657A6C372096F /* Pods-WheatherTests.release.xcconfig */;
			buildSettings = {
				ALWAYS_EMBED_SWIFT_STANDARD_LIBRARIES = YES;
				BUNDLE_LOADER = "$(TEST_HOST)";
				CODE_SIGN_STYLE = Automatic;
				DEVELOPMENT_TEAM = SZ46K2Z6E6;
				INFOPLIST_FILE = WheatherTests/Info.plist;
				IPHONEOS_DEPLOYMENT_TARGET = 13.1;
				LD_RUNPATH_SEARCH_PATHS = (
					"$(inherited)",
					"@executable_path/Frameworks",
					"@loader_path/Frameworks",
				);
				PRODUCT_BUNDLE_IDENTIFIER = com.amashtay.WheatherTests;
				PRODUCT_NAME = "$(TARGET_NAME)";
				SWIFT_VERSION = 5.0;
				TARGETED_DEVICE_FAMILY = "1,2";
				TEST_HOST = "$(BUILT_PRODUCTS_DIR)/Wheather.app/Wheather";
			};
			name = Release;
		};
		1193A82323682A85002D1CF2 /* Debug */ = {
			isa = XCBuildConfiguration;
			baseConfigurationReference = E7CE8A931D3B33CB800A2AB2 /* Pods-Wheather-WheatherUITests.debug.xcconfig */;
			buildSettings = {
				ALWAYS_EMBED_SWIFT_STANDARD_LIBRARIES = YES;
				CODE_SIGN_STYLE = Automatic;
				DEVELOPMENT_TEAM = SZ46K2Z6E6;
				INFOPLIST_FILE = WheatherUITests/Info.plist;
				LD_RUNPATH_SEARCH_PATHS = (
					"$(inherited)",
					"@executable_path/Frameworks",
					"@loader_path/Frameworks",
				);
				PRODUCT_BUNDLE_IDENTIFIER = com.amashtay.WheatherUITests;
				PRODUCT_NAME = "$(TARGET_NAME)";
				SWIFT_VERSION = 5.0;
				TARGETED_DEVICE_FAMILY = "1,2";
				TEST_TARGET_NAME = Wheather;
			};
			name = Debug;
		};
		1193A82423682A85002D1CF2 /* Release */ = {
			isa = XCBuildConfiguration;
			baseConfigurationReference = E98B721318A2AB9D75F46715 /* Pods-Wheather-WheatherUITests.release.xcconfig */;
			buildSettings = {
				ALWAYS_EMBED_SWIFT_STANDARD_LIBRARIES = YES;
				CODE_SIGN_STYLE = Automatic;
				DEVELOPMENT_TEAM = SZ46K2Z6E6;
				INFOPLIST_FILE = WheatherUITests/Info.plist;
				LD_RUNPATH_SEARCH_PATHS = (
					"$(inherited)",
					"@executable_path/Frameworks",
					"@loader_path/Frameworks",
				);
				PRODUCT_BUNDLE_IDENTIFIER = com.amashtay.WheatherUITests;
				PRODUCT_NAME = "$(TARGET_NAME)";
				SWIFT_VERSION = 5.0;
				TARGETED_DEVICE_FAMILY = "1,2";
				TEST_TARGET_NAME = Wheather;
			};
			name = Release;
		};
/* End XCBuildConfiguration section */

/* Begin XCConfigurationList section */
		1193A7ED23682A80002D1CF2 /* Build configuration list for PBXProject "Wheather" */ = {
			isa = XCConfigurationList;
			buildConfigurations = (
				1193A81A23682A85002D1CF2 /* Debug */,
				1193A81B23682A85002D1CF2 /* Release */,
			);
			defaultConfigurationIsVisible = 0;
			defaultConfigurationName = Release;
		};
		1193A81C23682A85002D1CF2 /* Build configuration list for PBXNativeTarget "Wheather" */ = {
			isa = XCConfigurationList;
			buildConfigurations = (
				1193A81D23682A85002D1CF2 /* Debug */,
				1193A81E23682A85002D1CF2 /* Release */,
			);
			defaultConfigurationIsVisible = 0;
			defaultConfigurationName = Release;
		};
		1193A81F23682A85002D1CF2 /* Build configuration list for PBXNativeTarget "WheatherTests" */ = {
			isa = XCConfigurationList;
			buildConfigurations = (
				1193A82023682A85002D1CF2 /* Debug */,
				1193A82123682A85002D1CF2 /* Release */,
			);
			defaultConfigurationIsVisible = 0;
			defaultConfigurationName = Release;
		};
		1193A82223682A85002D1CF2 /* Build configuration list for PBXNativeTarget "WheatherUITests" */ = {
			isa = XCConfigurationList;
			buildConfigurations = (
				1193A82323682A85002D1CF2 /* Debug */,
				1193A82423682A85002D1CF2 /* Release */,
			);
			defaultConfigurationIsVisible = 0;
			defaultConfigurationName = Release;
		};
/* End XCConfigurationList section */
	};
	rootObject = 1193A7EA23682A80002D1CF2 /* Project object */;
}
